
Microsoft Visual Studio Solution File, Format Version 12.00
# Visual Studio Version 17
VisualStudioVersion = 17.3.32901.215
MinimumVisualStudioVersion = 10.0.40219.1
Project("{9A19103F-16F7-4668-BE54-9A1E7A4F7556}") = "CSharpPracticeApp", "CSharpPracticeApp\CSharpPracticeApp.csproj", "{F537148F-7F3B-4E85-A2A4-BA009AA47147}"
EndProject
Project("{2150E333-8FDC-42A3-9474-1A3956D46DE8}") = "Solution Items", "Solution Items", "{A2D21CE3-6721-4EDB-B4AF-E581C147E5E9}"
EndProject
Project("{FAE04EC0-301F-11D3-BF4B-00C04F79EFBC}") = "UnitTestPractice", "UnitTestPractice\UnitTestPractice.csproj", "{EF79AFC9-B253-4EB8-AAA1-7503CA264131}"
EndProject
Global
	GlobalSection(SolutionConfigurationPlatforms) = preSolution
		Debug|Any CPU = Debug|Any CPU
		Release|Any CPU = Release|Any CPU
	EndGlobalSection
	GlobalSection(ProjectConfigurationPlatforms) = postSolution
		{F537148F-7F3B-4E85-A2A4-BA009AA47147}.Debug|Any CPU.ActiveCfg = Debug|Any CPU
		{F537148F-7F3B-4E85-A2A4-BA009AA47147}.Debug|Any CPU.Build.0 = Debug|Any CPU
		{F537148F-7F3B-4E85-A2A4-BA009AA47147}.Release|Any CPU.ActiveCfg = Release|Any CPU
		{F537148F-7F3B-4E85-A2A4-BA009AA47147}.Release|Any CPU.Build.0 = Release|Any CPU
		{EF79AFC9-B253-4EB8-AAA1-7503CA264131}.Debug|Any CPU.ActiveCfg = Debug|Any CPU
		{EF79AFC9-B253-4EB8-AAA1-7503CA264131}.Debug|Any CPU.Build.0 = Debug|Any CPU
		{EF79AFC9-B253-4EB8-AAA1-7503CA264131}.Release|Any CPU.ActiveCfg = Release|Any CPU
		{EF79AFC9-B253-4EB8-AAA1-7503CA264131}.Release|Any CPU.Build.0 = Release|Any CPU
	EndGlobalSection
	GlobalSection(SolutionProperties) = preSolution
		HideSolutionNode = FALSE
	EndGlobalSection
	GlobalSection(ExtensibilityGlobals) = postSolution
		SolutionGuid = {F973B86D-D10E-4AEE-A36A-A9EA36C1AE84}
	EndGlobalSection
EndGlobal
